// !$*UTF8*$!
{
	archiveVersion = 1;
	classes = {
	};
	objectVersion = 46;
	objects = {

/* Begin PBXBuildFile section */
		3049D2F81CEC2F3B00F0944E /* launcher@2x.png in Resources */ = {isa = PBXBuildFile; fileRef = 3049D2F71CEC2F3B00F0944E /* launcher@2x.png */; };
		304F294B1CE1E6A6007F776E /* main.m in Sources */ = {isa = PBXBuildFile; fileRef = 304F294A1CE1E6A6007F776E /* main.m */; };
		304F29921CE1FA06007F776E /* LaunchScreen.storyboard in Resources */ = {isa = PBXBuildFile; fileRef = 304F29901CE1FA06007F776E /* LaunchScreen.storyboard */; };
		304F29931CE1FA06007F776E /* Main.storyboard in Resources */ = {isa = PBXBuildFile; fileRef = 304F29911CE1FA06007F776E /* Main.storyboard */; };
		304F29961CE1FA56007F776E /* Assets.xcassets in Resources */ = {isa = PBXBuildFile; fileRef = 304F29951CE1FA56007F776E /* Assets.xcassets */; };
		304F299E1CE1FB2C007F776E /* ViewController.m in Sources */ = {isa = PBXBuildFile; fileRef = 304F29991CE1FB2C007F776E /* ViewController.m */; };
		304F299F1CE1FB2C007F776E /* ViewControllerFormConfig.m in Sources */ = {isa = PBXBuildFile; fileRef = 304F299B1CE1FB2C007F776E /* ViewControllerFormConfig.m */; };
		304F29A01CE1FB2C007F776E /* ViewControllerFormDataSource.m in Sources */ = {isa = PBXBuildFile; fileRef = 304F299D1CE1FB2C007F776E /* ViewControllerFormDataSource.m */; };
		304F29AA1CE1FBDD007F776E /* DynamicTableManager.m in Sources */ = {isa = PBXBuildFile; fileRef = 304F29A61CE1FBDD007F776E /* DynamicTableManager.m */; };
		304F29C31CE1FE1A007F776E /* AppDelegate.m in Sources */ = {isa = PBXBuildFile; fileRef = 304F29C11CE1FE1A007F776E /* AppDelegate.m */; };
		307E44E01CE9E53600536EB0 /* dummy@2x.png in Resources */ = {isa = PBXBuildFile; fileRef = 307E44DF1CE9E53600536EB0 /* dummy@2x.png */; };
		307E44E21CE9E63A00536EB0 /* dummy_tblcl_bg@2x.png in Resources */ = {isa = PBXBuildFile; fileRef = 307E44E11CE9E63A00536EB0 /* dummy_tblcl_bg@2x.png */; };
		3093E9E11D25160B00F661CD /* ButtonTableViewCell.m in Sources */ = {isa = PBXBuildFile; fileRef = 3093E9DF1D25160B00F661CD /* ButtonTableViewCell.m */; };
		3093E9E21D25160B00F661CD /* ButtonTableViewCell.xib in Resources */ = {isa = PBXBuildFile; fileRef = 3093E9E01D25160B00F661CD /* ButtonTableViewCell.xib */; };
		3093E9E71D25162C00F661CD /* EmptyTableViewCell.m in Sources */ = {isa = PBXBuildFile; fileRef = 3093E9E51D25162C00F661CD /* EmptyTableViewCell.m */; };
		3093E9E81D25162C00F661CD /* EmptyTableViewCell.xib in Resources */ = {isa = PBXBuildFile; fileRef = 3093E9E61D25162C00F661CD /* EmptyTableViewCell.xib */; };
		3093E9ED1D25184A00F661CD /* HeadTitleTableViewCell.m in Sources */ = {isa = PBXBuildFile; fileRef = 3093E9EB1D25184A00F661CD /* HeadTitleTableViewCell.m */; };
		3093E9EE1D25184A00F661CD /* HeadTitleTableViewCell.xib in Resources */ = {isa = PBXBuildFile; fileRef = 3093E9EC1D25184A00F661CD /* HeadTitleTableViewCell.xib */; };
		3093E9F31D2518B600F661CD /* HintTableViewCell.m in Sources */ = {isa = PBXBuildFile; fileRef = 3093E9F11D2518B600F661CD /* HintTableViewCell.m */; };
		3093E9F41D2518B600F661CD /* HintTableViewCell.xib in Resources */ = {isa = PBXBuildFile; fileRef = 3093E9F21D2518B600F661CD /* HintTableViewCell.xib */; };
		3093E9F91D2518DC00F661CD /* LinkTableViewCell.m in Sources */ = {isa = PBXBuildFile; fileRef = 3093E9F71D2518DC00F661CD /* LinkTableViewCell.m */; };
		3093E9FA1D2518DC00F661CD /* LinkTableViewCell.xib in Resources */ = {isa = PBXBuildFile; fileRef = 3093E9F81D2518DC00F661CD /* LinkTableViewCell.xib */; };
		3093E9FF1D25190500F661CD /* SegmentedControlTableViewCell.m in Sources */ = {isa = PBXBuildFile; fileRef = 3093E9FD1D25190500F661CD /* SegmentedControlTableViewCell.m */; };
		3093EA001D25190500F661CD /* SegmentedControlTableViewCell.xib in Resources */ = {isa = PBXBuildFile; fileRef = 3093E9FE1D25190500F661CD /* SegmentedControlTableViewCell.xib */; };
		3093EA051D251A1F00F661CD /* SwitchesTableViewCell.m in Sources */ = {isa = PBXBuildFile; fileRef = 3093EA031D251A1F00F661CD /* SwitchesTableViewCell.m */; };
		3093EA061D251A1F00F661CD /* SwitchesTableViewCell.xib in Resources */ = {isa = PBXBuildFile; fileRef = 3093EA041D251A1F00F661CD /* SwitchesTableViewCell.xib */; };
		3093EA111D251A9000F661CD /* TextViewTableViewCell.m in Sources */ = {isa = PBXBuildFile; fileRef = 3093EA0F1D251A9000F661CD /* TextViewTableViewCell.m */; };
		3093EA121D251A9000F661CD /* TextViewTableViewCell.xib in Resources */ = {isa = PBXBuildFile; fileRef = 3093EA101D251A9000F661CD /* TextViewTableViewCell.xib */; };
		3093EA161D251B8400F661CD /* TextFieldTableViewCell.m in Sources */ = {isa = PBXBuildFile; fileRef = 3093EA141D251B8400F661CD /* TextFieldTableViewCell.m */; };
		3093EA171D251B8400F661CD /* TextFieldTableViewCell.xib in Resources */ = {isa = PBXBuildFile; fileRef = 3093EA151D251B8400F661CD /* TextFieldTableViewCell.xib */; };
		3093EA1B1D251C3A00F661CD /* FormPortionTableViewCellData.m in Sources */ = {isa = PBXBuildFile; fileRef = 3093EA1A1D251C3A00F661CD /* FormPortionTableViewCellData.m */; };
		30FDBCC11CF223FC005B2D21 /* app_icon@2x.png in Resources */ = {isa = PBXBuildFile; fileRef = 30FDBCBF1CF223FC005B2D21 /* app_icon@2x.png */; };
		30FDBCC21CF223FC005B2D21 /* app_icon@3x.png in Resources */ = {isa = PBXBuildFile; fileRef = 30FDBCC01CF223FC005B2D21 /* app_icon@3x.png */; };
/* End PBXBuildFile section */

/* Begin PBXFileReference section */
		3049D2F71CEC2F3B00F0944E /* launcher@2x.png */ = {isa = PBXFileReference; lastKnownFileType = image.png; path = "launcher@2x.png"; sourceTree = "<group>"; };
		304F29461CE1E6A6007F776E /* iDynamicForms.app */ = {isa = PBXFileReference; explicitFileType = wrapper.application; includeInIndex = 0; path = iDynamicForms.app; sourceTree = BUILT_PRODUCTS_DIR; };
		304F294A1CE1E6A6007F776E /* main.m */ = {isa = PBXFileReference; lastKnownFileType = sourcecode.c.objc; path = main.m; sourceTree = "<group>"; };
		304F295A1CE1E6A6007F776E /* Info.plist */ = {isa = PBXFileReference; lastKnownFileType = text.plist.xml; path = Info.plist; sourceTree = "<group>"; };
		304F29901CE1FA06007F776E /* LaunchScreen.storyboard */ = {isa = PBXFileReference; fileEncoding = 4; lastKnownFileType = file.storyboard; path = LaunchScreen.storyboard; sourceTree = "<group>"; };
		304F29911CE1FA06007F776E /* Main.storyboard */ = {isa = PBXFileReference; fileEncoding = 4; lastKnownFileType = file.storyboard; path = Main.storyboard; sourceTree = "<group>"; };
		304F29951CE1FA56007F776E /* Assets.xcassets */ = {isa = PBXFileReference; lastKnownFileType = folder.assetcatalog; path = Assets.xcassets; sourceTree = "<group>"; };
		304F29981CE1FB2C007F776E /* ViewController.h */ = {isa = PBXFileReference; fileEncoding = 4; lastKnownFileType = sourcecode.c.h; path = ViewController.h; sourceTree = "<group>"; };
		304F29991CE1FB2C007F776E /* ViewController.m */ = {isa = PBXFileReference; fileEncoding = 4; lastKnownFileType = sourcecode.c.objc; path = ViewController.m; sourceTree = "<group>"; };
		304F299A1CE1FB2C007F776E /* ViewControllerFormConfig.h */ = {isa = PBXFileReference; fileEncoding = 4; lastKnownFileType = sourcecode.c.h; path = ViewControllerFormConfig.h; sourceTree = "<group>"; };
		304F299B1CE1FB2C007F776E /* ViewControllerFormConfig.m */ = {isa = PBXFileReference; fileEncoding = 4; lastKnownFileType = sourcecode.c.objc; path = ViewControllerFormConfig.m; sourceTree = "<group>"; };
		304F299C1CE1FB2C007F776E /* ViewControllerFormDataSource.h */ = {isa = PBXFileReference; fileEncoding = 4; lastKnownFileType = sourcecode.c.h; path = ViewControllerFormDataSource.h; sourceTree = "<group>"; };
		304F299D1CE1FB2C007F776E /* ViewControllerFormDataSource.m */ = {isa = PBXFileReference; fileEncoding = 4; lastKnownFileType = sourcecode.c.objc; path = ViewControllerFormDataSource.m; sourceTree = "<group>"; };
		304F29A51CE1FBDD007F776E /* DynamicTableManager.h */ = {isa = PBXFileReference; fileEncoding = 4; lastKnownFileType = sourcecode.c.h; path = DynamicTableManager.h; sourceTree = "<group>"; };
		304F29A61CE1FBDD007F776E /* DynamicTableManager.m */ = {isa = PBXFileReference; fileEncoding = 4; lastKnownFileType = sourcecode.c.objc; name = DynamicTableManager.m; path = DynamicTableManager/DynamicTableManager.m; sourceTree = "<group>"; };
		304F29A71CE1FBDD007F776E /* TableViewFormDataSource.h */ = {isa = PBXFileReference; fileEncoding = 4; lastKnownFileType = sourcecode.c.h; path = TableViewFormDataSource.h; sourceTree = "<group>"; };
		304F29C01CE1FE1A007F776E /* AppDelegate.h */ = {isa = PBXFileReference; fileEncoding = 4; lastKnownFileType = sourcecode.c.h; path = AppDelegate.h; sourceTree = "<group>"; };
		304F29C11CE1FE1A007F776E /* AppDelegate.m */ = {isa = PBXFileReference; fileEncoding = 4; lastKnownFileType = sourcecode.c.objc; path = AppDelegate.m; sourceTree = "<group>"; };
		307E44DF1CE9E53600536EB0 /* dummy@2x.png */ = {isa = PBXFileReference; lastKnownFileType = image.png; path = "dummy@2x.png"; sourceTree = "<group>"; };
		307E44E11CE9E63A00536EB0 /* dummy_tblcl_bg@2x.png */ = {isa = PBXFileReference; lastKnownFileType = image.png; path = "dummy_tblcl_bg@2x.png"; sourceTree = "<group>"; };
		3093E9DE1D25160B00F661CD /* ButtonTableViewCell.h */ = {isa = PBXFileReference; fileEncoding = 4; lastKnownFileType = sourcecode.c.h; path = ButtonTableViewCell.h; sourceTree = "<group>"; };
		3093E9DF1D25160B00F661CD /* ButtonTableViewCell.m */ = {isa = PBXFileReference; fileEncoding = 4; lastKnownFileType = sourcecode.c.objc; path = ButtonTableViewCell.m; sourceTree = "<group>"; };
		3093E9E01D25160B00F661CD /* ButtonTableViewCell.xib */ = {isa = PBXFileReference; fileEncoding = 4; lastKnownFileType = file.xib; path = ButtonTableViewCell.xib; sourceTree = "<group>"; };
		3093E9E41D25162C00F661CD /* EmptyTableViewCell.h */ = {isa = PBXFileReference; fileEncoding = 4; lastKnownFileType = sourcecode.c.h; path = EmptyTableViewCell.h; sourceTree = "<group>"; };
		3093E9E51D25162C00F661CD /* EmptyTableViewCell.m */ = {isa = PBXFileReference; fileEncoding = 4; lastKnownFileType = sourcecode.c.objc; path = EmptyTableViewCell.m; sourceTree = "<group>"; };
		3093E9E61D25162C00F661CD /* EmptyTableViewCell.xib */ = {isa = PBXFileReference; fileEncoding = 4; lastKnownFileType = file.xib; path = EmptyTableViewCell.xib; sourceTree = "<group>"; };
		3093E9EA1D25184A00F661CD /* HeadTitleTableViewCell.h */ = {isa = PBXFileReference; fileEncoding = 4; lastKnownFileType = sourcecode.c.h; path = HeadTitleTableViewCell.h; sourceTree = "<group>"; };
		3093E9EB1D25184A00F661CD /* HeadTitleTableViewCell.m */ = {isa = PBXFileReference; fileEncoding = 4; lastKnownFileType = sourcecode.c.objc; path = HeadTitleTableViewCell.m; sourceTree = "<group>"; };
		3093E9EC1D25184A00F661CD /* HeadTitleTableViewCell.xib */ = {isa = PBXFileReference; fileEncoding = 4; lastKnownFileType = file.xib; path = HeadTitleTableViewCell.xib; sourceTree = "<group>"; };
		3093E9F01D2518B600F661CD /* HintTableViewCell.h */ = {isa = PBXFileReference; fileEncoding = 4; lastKnownFileType = sourcecode.c.h; path = HintTableViewCell.h; sourceTree = "<group>"; };
		3093E9F11D2518B600F661CD /* HintTableViewCell.m */ = {isa = PBXFileReference; fileEncoding = 4; lastKnownFileType = sourcecode.c.objc; path = HintTableViewCell.m; sourceTree = "<group>"; };
		3093E9F21D2518B600F661CD /* HintTableViewCell.xib */ = {isa = PBXFileReference; fileEncoding = 4; lastKnownFileType = file.xib; path = HintTableViewCell.xib; sourceTree = "<group>"; };
		3093E9F61D2518DC00F661CD /* LinkTableViewCell.h */ = {isa = PBXFileReference; fileEncoding = 4; lastKnownFileType = sourcecode.c.h; path = LinkTableViewCell.h; sourceTree = "<group>"; };
		3093E9F71D2518DC00F661CD /* LinkTableViewCell.m */ = {isa = PBXFileReference; fileEncoding = 4; lastKnownFileType = sourcecode.c.objc; path = LinkTableViewCell.m; sourceTree = "<group>"; };
		3093E9F81D2518DC00F661CD /* LinkTableViewCell.xib */ = {isa = PBXFileReference; fileEncoding = 4; lastKnownFileType = file.xib; path = LinkTableViewCell.xib; sourceTree = "<group>"; };
		3093E9FC1D25190500F661CD /* SegmentedControlTableViewCell.h */ = {isa = PBXFileReference; fileEncoding = 4; lastKnownFileType = sourcecode.c.h; path = SegmentedControlTableViewCell.h; sourceTree = "<group>"; };
		3093E9FD1D25190500F661CD /* SegmentedControlTableViewCell.m */ = {isa = PBXFileReference; fileEncoding = 4; lastKnownFileType = sourcecode.c.objc; path = SegmentedControlTableViewCell.m; sourceTree = "<group>"; };
		3093E9FE1D25190500F661CD /* SegmentedControlTableViewCell.xib */ = {isa = PBXFileReference; fileEncoding = 4; lastKnownFileType = file.xib; path = SegmentedControlTableViewCell.xib; sourceTree = "<group>"; };
		3093EA021D251A1F00F661CD /* SwitchesTableViewCell.h */ = {isa = PBXFileReference; fileEncoding = 4; lastKnownFileType = sourcecode.c.h; path = SwitchesTableViewCell.h; sourceTree = "<group>"; };
		3093EA031D251A1F00F661CD /* SwitchesTableViewCell.m */ = {isa = PBXFileReference; fileEncoding = 4; lastKnownFileType = sourcecode.c.objc; path = SwitchesTableViewCell.m; sourceTree = "<group>"; };
		3093EA041D251A1F00F661CD /* SwitchesTableViewCell.xib */ = {isa = PBXFileReference; fileEncoding = 4; lastKnownFileType = file.xib; path = SwitchesTableViewCell.xib; sourceTree = "<group>"; };
		3093EA0E1D251A9000F661CD /* TextViewTableViewCell.h */ = {isa = PBXFileReference; fileEncoding = 4; lastKnownFileType = sourcecode.c.h; path = TextViewTableViewCell.h; sourceTree = "<group>"; };
		3093EA0F1D251A9000F661CD /* TextViewTableViewCell.m */ = {isa = PBXFileReference; fileEncoding = 4; lastKnownFileType = sourcecode.c.objc; path = TextViewTableViewCell.m; sourceTree = "<group>"; };
		3093EA101D251A9000F661CD /* TextViewTableViewCell.xib */ = {isa = PBXFileReference; fileEncoding = 4; lastKnownFileType = file.xib; path = TextViewTableViewCell.xib; sourceTree = "<group>"; };
		3093EA131D251B8400F661CD /* TextFieldTableViewCell.h */ = {isa = PBXFileReference; fileEncoding = 4; lastKnownFileType = sourcecode.c.h; path = TextFieldTableViewCell.h; sourceTree = "<group>"; };
		3093EA141D251B8400F661CD /* TextFieldTableViewCell.m */ = {isa = PBXFileReference; fileEncoding = 4; lastKnownFileType = sourcecode.c.objc; path = TextFieldTableViewCell.m; sourceTree = "<group>"; };
		3093EA151D251B8400F661CD /* TextFieldTableViewCell.xib */ = {isa = PBXFileReference; fileEncoding = 4; lastKnownFileType = file.xib; path = TextFieldTableViewCell.xib; sourceTree = "<group>"; };
		3093EA191D251C3A00F661CD /* FormPortionTableViewCellData.h */ = {isa = PBXFileReference; fileEncoding = 4; lastKnownFileType = sourcecode.c.h; path = FormPortionTableViewCellData.h; sourceTree = "<group>"; };
		3093EA1A1D251C3A00F661CD /* FormPortionTableViewCellData.m */ = {isa = PBXFileReference; fileEncoding = 4; lastKnownFileType = sourcecode.c.objc; path = FormPortionTableViewCellData.m; sourceTree = "<group>"; };
		3093EA1D1D251D5400F661CD /* IDynamicFormsConfig.h */ = {isa = PBXFileReference; fileEncoding = 4; lastKnownFileType = sourcecode.c.h; name = IDynamicFormsConfig.h; path = ../IDynamicFormsConfig.h; sourceTree = "<group>"; };
		30FDBCBF1CF223FC005B2D21 /* app_icon@2x.png */ = {isa = PBXFileReference; lastKnownFileType = image.png; path = "app_icon@2x.png"; sourceTree = "<group>"; };
		30FDBCC01CF223FC005B2D21 /* app_icon@3x.png */ = {isa = PBXFileReference; lastKnownFileType = image.png; path = "app_icon@3x.png"; sourceTree = "<group>"; };
/* End PBXFileReference section */

/* Begin PBXFrameworksBuildPhase section */
		304F29431CE1E6A6007F776E /* Frameworks */ = {
			isa = PBXFrameworksBuildPhase;
			buildActionMask = 2147483647;
			files = (
			);
			runOnlyForDeploymentPostprocessing = 0;
		};
/* End PBXFrameworksBuildPhase section */

/* Begin PBXGroup section */
		304F293D1CE1E6A6007F776E = {
			isa = PBXGroup;
			children = (
				304F29481CE1E6A6007F776E /* iDynamicForms */,
				304F29471CE1E6A6007F776E /* Products */,
			);
			sourceTree = "<group>";
		};
		304F29471CE1E6A6007F776E /* Products */ = {
			isa = PBXGroup;
			children = (
				304F29461CE1E6A6007F776E /* iDynamicForms.app */,
			);
			name = Products;
			sourceTree = "<group>";
		};
		304F29481CE1E6A6007F776E /* iDynamicForms */ = {
			isa = PBXGroup;
			children = (
				304F29711CE1ECF0007F776E /* Application */,
				304F29721CE1ECF9007F776E /* UI */,
				304F29761CE1ED39007F776E /* Models */,
				304F298C1CE1F90E007F776E /* Utilities */,
				304F29941CE1FA31007F776E /* Resources */,
				304F295A1CE1E6A6007F776E /* Info.plist */,
				304F29491CE1E6A6007F776E /* Supporting Files */,
			);
			path = iDynamicForms;
			sourceTree = "<group>";
		};
		304F29491CE1E6A6007F776E /* Supporting Files */ = {
			isa = PBXGroup;
			children = (
				304F294A1CE1E6A6007F776E /* main.m */,
			);
			name = "Supporting Files";
			sourceTree = "<group>";
		};
		304F29711CE1ECF0007F776E /* Application */ = {
			isa = PBXGroup;
			children = (
				304F29C01CE1FE1A007F776E /* AppDelegate.h */,
				304F29C11CE1FE1A007F776E /* AppDelegate.m */,
			);
			path = Application;
			sourceTree = "<group>";
		};
		304F29721CE1ECF9007F776E /* UI */ = {
			isa = PBXGroup;
			children = (
				304F29751CE1ED2B007F776E /* Storyboards */,
				304F29741CE1ED23007F776E /* Views */,
				304F29731CE1ED0C007F776E /* Controllers */,
			);
			path = UI;
			sourceTree = "<group>";
		};
		304F29731CE1ED0C007F776E /* Controllers */ = {
			isa = PBXGroup;
			children = (
				304F29971CE1FB0A007F776E /* ViewController */,
			);
			path = Controllers;
			sourceTree = "<group>";
		};
		304F29741CE1ED23007F776E /* Views */ = {
			isa = PBXGroup;
			children = (
			);
			path = Views;
			sourceTree = "<group>";
		};
		304F29751CE1ED2B007F776E /* Storyboards */ = {
			isa = PBXGroup;
			children = (
				304F29901CE1FA06007F776E /* LaunchScreen.storyboard */,
				304F29911CE1FA06007F776E /* Main.storyboard */,
			);
			path = Storyboards;
			sourceTree = "<group>";
		};
		304F29761CE1ED39007F776E /* Models */ = {
			isa = PBXGroup;
			children = (
			);
			path = Models;
			sourceTree = "<group>";
		};
		304F298C1CE1F90E007F776E /* Utilities */ = {
			isa = PBXGroup;
			children = (
				304F29A11CE1FB3B007F776E /* iDynamicForms */,
			);
			path = Utilities;
			sourceTree = "<group>";
		};
		304F29941CE1FA31007F776E /* Resources */ = {
			isa = PBXGroup;
			children = (
				307E44DE1CE9E50000536EB0 /* DummyImages */,
				304F29951CE1FA56007F776E /* Assets.xcassets */,
			);
			path = Resources;
			sourceTree = "<group>";
		};
		304F29971CE1FB0A007F776E /* ViewController */ = {
			isa = PBXGroup;
			children = (
				304F29981CE1FB2C007F776E /* ViewController.h */,
				304F29991CE1FB2C007F776E /* ViewController.m */,
				304F299A1CE1FB2C007F776E /* ViewControllerFormConfig.h */,
				304F299B1CE1FB2C007F776E /* ViewControllerFormConfig.m */,
				304F299C1CE1FB2C007F776E /* ViewControllerFormDataSource.h */,
				304F299D1CE1FB2C007F776E /* ViewControllerFormDataSource.m */,
			);
			path = ViewController;
			sourceTree = "<group>";
		};
		304F29A11CE1FB3B007F776E /* iDynamicForms */ = {
			isa = PBXGroup;
			children = (
				304F29A61CE1FBDD007F776E /* DynamicTableManager.m */,
				3093EA181D251C1B00F661CD /* Models */,
				3093E9DC1D25139000F661CD /* Views */,
				3093EA1C1D251CB900F661CD /* DynamicTableManager */,
				3093EA201D251E3C00F661CD /* Protocols */,
			);
			path = iDynamicForms;
			sourceTree = "<group>";
		};
		307E44DE1CE9E50000536EB0 /* DummyImages */ = {
			isa = PBXGroup;
			children = (
				30FDBCBF1CF223FC005B2D21 /* app_icon@2x.png */,
				30FDBCC01CF223FC005B2D21 /* app_icon@3x.png */,
				3049D2F71CEC2F3B00F0944E /* launcher@2x.png */,
				307E44E11CE9E63A00536EB0 /* dummy_tblcl_bg@2x.png */,
				307E44DF1CE9E53600536EB0 /* dummy@2x.png */,
			);
			path = DummyImages;
			sourceTree = "<group>";
		};
		3093E9DC1D25139000F661CD /* Views */ = {
			isa = PBXGroup;
			children = (
				3093E9DD1D2515EE00F661CD /* ButtonTableViewCell */,
				3093E9E31D25161900F661CD /* EmptyTableViewCell */,
				3093E9E91D25163D00F661CD /* HeadTItleTableViewCell */,
				3093E9EF1D25189A00F661CD /* HintTableViewCell */,
				3093E9F51D2518C400F661CD /* LinkTableViewCell */,
				3093E9FB1D2518EE00F661CD /* SegmentedControlTableViewCell */,
				3093EA011D251A0E00F661CD /* SwitchesTableViewCell */,
				3093EA071D251A3000F661CD /* TextFieldTableViewCell */,
				3093EA0D1D251A4F00F661CD /* TextViewTableViewCell */,
			);
			path = Views;
			sourceTree = "<group>";
		};
		3093E9DD1D2515EE00F661CD /* ButtonTableViewCell */ = {
			isa = PBXGroup;
			children = (
				3093E9DE1D25160B00F661CD /* ButtonTableViewCell.h */,
				3093E9DF1D25160B00F661CD /* ButtonTableViewCell.m */,
				3093E9E01D25160B00F661CD /* ButtonTableViewCell.xib */,
			);
			path = ButtonTableViewCell;
			sourceTree = "<group>";
		};
		3093E9E31D25161900F661CD /* EmptyTableViewCell */ = {
			isa = PBXGroup;
			children = (
				3093E9E41D25162C00F661CD /* EmptyTableViewCell.h */,
				3093E9E51D25162C00F661CD /* EmptyTableViewCell.m */,
				3093E9E61D25162C00F661CD /* EmptyTableViewCell.xib */,
			);
			path = EmptyTableViewCell;
			sourceTree = "<group>";
		};
		3093E9E91D25163D00F661CD /* HeadTItleTableViewCell */ = {
			isa = PBXGroup;
			children = (
				3093E9EA1D25184A00F661CD /* HeadTitleTableViewCell.h */,
				3093E9EB1D25184A00F661CD /* HeadTitleTableViewCell.m */,
				3093E9EC1D25184A00F661CD /* HeadTitleTableViewCell.xib */,
			);
			path = HeadTItleTableViewCell;
			sourceTree = "<group>";
		};
		3093E9EF1D25189A00F661CD /* HintTableViewCell */ = {
			isa = PBXGroup;
			children = (
				3093E9F01D2518B600F661CD /* HintTableViewCell.h */,
				3093E9F11D2518B600F661CD /* HintTableViewCell.m */,
				3093E9F21D2518B600F661CD /* HintTableViewCell.xib */,
			);
			path = HintTableViewCell;
			sourceTree = "<group>";
		};
		3093E9F51D2518C400F661CD /* LinkTableViewCell */ = {
			isa = PBXGroup;
			children = (
				3093E9F61D2518DC00F661CD /* LinkTableViewCell.h */,
				3093E9F71D2518DC00F661CD /* LinkTableViewCell.m */,
				3093E9F81D2518DC00F661CD /* LinkTableViewCell.xib */,
			);
			path = LinkTableViewCell;
			sourceTree = "<group>";
		};
		3093E9FB1D2518EE00F661CD /* SegmentedControlTableViewCell */ = {
			isa = PBXGroup;
			children = (
				3093E9FC1D25190500F661CD /* SegmentedControlTableViewCell.h */,
				3093E9FD1D25190500F661CD /* SegmentedControlTableViewCell.m */,
				3093E9FE1D25190500F661CD /* SegmentedControlTableViewCell.xib */,
			);
			path = SegmentedControlTableViewCell;
			sourceTree = "<group>";
		};
		3093EA011D251A0E00F661CD /* SwitchesTableViewCell */ = {
			isa = PBXGroup;
			children = (
				3093EA021D251A1F00F661CD /* SwitchesTableViewCell.h */,
				3093EA031D251A1F00F661CD /* SwitchesTableViewCell.m */,
				3093EA041D251A1F00F661CD /* SwitchesTableViewCell.xib */,
			);
			path = SwitchesTableViewCell;
			sourceTree = "<group>";
		};
		3093EA071D251A3000F661CD /* TextFieldTableViewCell */ = {
			isa = PBXGroup;
			children = (
				3093EA131D251B8400F661CD /* TextFieldTableViewCell.h */,
				3093EA141D251B8400F661CD /* TextFieldTableViewCell.m */,
				3093EA151D251B8400F661CD /* TextFieldTableViewCell.xib */,
			);
			path = TextFieldTableViewCell;
			sourceTree = "<group>";
		};
		3093EA0D1D251A4F00F661CD /* TextViewTableViewCell */ = {
			isa = PBXGroup;
			children = (
				3093EA0E1D251A9000F661CD /* TextViewTableViewCell.h */,
				3093EA0F1D251A9000F661CD /* TextViewTableViewCell.m */,
				3093EA101D251A9000F661CD /* TextViewTableViewCell.xib */,
			);
			path = TextViewTableViewCell;
			sourceTree = "<group>";
		};
		3093EA181D251C1B00F661CD /* Models */ = {
			isa = PBXGroup;
			children = (
				3093EA191D251C3A00F661CD /* FormPortionTableViewCellData.h */,
				3093EA1A1D251C3A00F661CD /* FormPortionTableViewCellData.m */,
			);
			path = Models;
			sourceTree = "<group>";
		};
		3093EA1C1D251CB900F661CD /* DynamicTableManager */ = {
			isa = PBXGroup;
			children = (
				3093EA1D1D251D5400F661CD /* IDynamicFormsConfig.h */,
				304F29A51CE1FBDD007F776E /* DynamicTableManager.h */,
			);
			path = DynamicTableManager;
			sourceTree = "<group>";
		};
		3093EA201D251E3C00F661CD /* Protocols */ = {
			isa = PBXGroup;
			children = (
				304F29A71CE1FBDD007F776E /* TableViewFormDataSource.h */,
			);
			name = Protocols;
			sourceTree = "<group>";
		};
/* End PBXGroup section */

/* Begin PBXNativeTarget section */
		304F29451CE1E6A6007F776E /* iDynamicForms */ = {
			isa = PBXNativeTarget;
			buildConfigurationList = 304F295D1CE1E6A6007F776E /* Build configuration list for PBXNativeTarget "iDynamicForms" */;
			buildPhases = (
				304F29421CE1E6A6007F776E /* Sources */,
				304F29431CE1E6A6007F776E /* Frameworks */,
				304F29441CE1E6A6007F776E /* Resources */,
			);
			buildRules = (
			);
			dependencies = (
			);
			name = iDynamicForms;
			productName = iDynamicForms;
			productReference = 304F29461CE1E6A6007F776E /* iDynamicForms.app */;
			productType = "com.apple.product-type.application";
		};
/* End PBXNativeTarget section */

/* Begin PBXProject section */
		304F293E1CE1E6A6007F776E /* Project object */ = {
			isa = PBXProject;
			attributes = {
				LastUpgradeCheck = 0730;
				ORGANIZATIONNAME = "Kasun Randika";
				TargetAttributes = {
					304F29451CE1E6A6007F776E = {
						CreatedOnToolsVersion = 7.3;
					};
				};
			};
			buildConfigurationList = 304F29411CE1E6A6007F776E /* Build configuration list for PBXProject "iDynamicForms" */;
			compatibilityVersion = "Xcode 3.2";
			developmentRegion = English;
			hasScannedForEncodings = 0;
			knownRegions = (
				en,
				Base,
			);
			mainGroup = 304F293D1CE1E6A6007F776E;
			productRefGroup = 304F29471CE1E6A6007F776E /* Products */;
			projectDirPath = "";
			projectRoot = "";
			targets = (
				304F29451CE1E6A6007F776E /* iDynamicForms */,
			);
		};
/* End PBXProject section */

/* Begin PBXResourcesBuildPhase section */
		304F29441CE1E6A6007F776E /* Resources */ = {
			isa = PBXResourcesBuildPhase;
			buildActionMask = 2147483647;
			files = (
				30FDBCC11CF223FC005B2D21 /* app_icon@2x.png in Resources */,
				307E44E01CE9E53600536EB0 /* dummy@2x.png in Resources */,
				3093EA001D25190500F661CD /* SegmentedControlTableViewCell.xib in Resources */,
				3049D2F81CEC2F3B00F0944E /* launcher@2x.png in Resources */,
				3093EA171D251B8400F661CD /* TextFieldTableViewCell.xib in Resources */,
				3093E9EE1D25184A00F661CD /* HeadTitleTableViewCell.xib in Resources */,
				30FDBCC21CF223FC005B2D21 /* app_icon@3x.png in Resources */,
				307E44E21CE9E63A00536EB0 /* dummy_tblcl_bg@2x.png in Resources */,
				304F29931CE1FA06007F776E /* Main.storyboard in Resources */,
				3093E9FA1D2518DC00F661CD /* LinkTableViewCell.xib in Resources */,
				3093EA061D251A1F00F661CD /* SwitchesTableViewCell.xib in Resources */,
				3093EA121D251A9000F661CD /* TextViewTableViewCell.xib in Resources */,
				3093E9F41D2518B600F661CD /* HintTableViewCell.xib in Resources */,
				3093E9E21D25160B00F661CD /* ButtonTableViewCell.xib in Resources */,
				3093E9E81D25162C00F661CD /* EmptyTableViewCell.xib in Resources */,
				304F29921CE1FA06007F776E /* LaunchScreen.storyboard in Resources */,
				304F29961CE1FA56007F776E /* Assets.xcassets in Resources */,
			);
			runOnlyForDeploymentPostprocessing = 0;
		};
/* End PBXResourcesBuildPhase section */

/* Begin PBXSourcesBuildPhase section */
		304F29421CE1E6A6007F776E /* Sources */ = {
			isa = PBXSourcesBuildPhase;
			buildActionMask = 2147483647;
			files = (
				304F299E1CE1FB2C007F776E /* ViewController.m in Sources */,
				304F294B1CE1E6A6007F776E /* main.m in Sources */,
				3093E9F31D2518B600F661CD /* HintTableViewCell.m in Sources */,
				3093E9ED1D25184A00F661CD /* HeadTitleTableViewCell.m in Sources */,
				3093EA111D251A9000F661CD /* TextViewTableViewCell.m in Sources */,
				3093EA051D251A1F00F661CD /* SwitchesTableViewCell.m in Sources */,
				3093E9E11D25160B00F661CD /* ButtonTableViewCell.m in Sources */,
				304F29C31CE1FE1A007F776E /* AppDelegate.m in Sources */,
				3093E9FF1D25190500F661CD /* SegmentedControlTableViewCell.m in Sources */,
				3093E9F91D2518DC00F661CD /* LinkTableViewCell.m in Sources */,
				304F29AA1CE1FBDD007F776E /* DynamicTableManager.m in Sources */,
				304F29A01CE1FB2C007F776E /* ViewControllerFormDataSource.m in Sources */,
				3093E9E71D25162C00F661CD /* EmptyTableViewCell.m in Sources */,
				304F299F1CE1FB2C007F776E /* ViewControllerFormConfig.m in Sources */,
				3093EA161D251B8400F661CD /* TextFieldTableViewCell.m in Sources */,
				3093EA1B1D251C3A00F661CD /* FormPortionTableViewCellData.m in Sources */,
			);
			runOnlyForDeploymentPostprocessing = 0;
		};
/* End PBXSourcesBuildPhase section */

/* Begin XCBuildConfiguration section */
		304F295B1CE1E6A6007F776E /* Debug */ = {
			isa = XCBuildConfiguration;
			buildSettings = {
				ALWAYS_SEARCH_USER_PATHS = NO;
				CLANG_ANALYZER_NONNULL = YES;
				CLANG_CXX_LANGUAGE_STANDARD = "gnu++0x";
				CLANG_CXX_LIBRARY = "libc++";
				CLANG_ENABLE_MODULES = YES;
				CLANG_ENABLE_OBJC_ARC = YES;
				CLANG_WARN_BOOL_CONVERSION = YES;
				CLANG_WARN_CONSTANT_CONVERSION = YES;
				CLANG_WARN_DIRECT_OBJC_ISA_USAGE = YES_ERROR;
				CLANG_WARN_EMPTY_BODY = YES;
				CLANG_WARN_ENUM_CONVERSION = YES;
				CLANG_WARN_INT_CONVERSION = YES;
				CLANG_WARN_OBJC_ROOT_CLASS = YES_ERROR;
				CLANG_WARN_UNREACHABLE_CODE = YES;
				CLANG_WARN__DUPLICATE_METHOD_MATCH = YES;
				"CODE_SIGN_IDENTITY[sdk=iphoneos*]" = "iPhone Developer";
				COPY_PHASE_STRIP = NO;
				DEBUG_INFORMATION_FORMAT = dwarf;
				ENABLE_STRICT_OBJC_MSGSEND = YES;
				ENABLE_TESTABILITY = YES;
				GCC_C_LANGUAGE_STANDARD = gnu99;
				GCC_DYNAMIC_NO_PIC = NO;
				GCC_NO_COMMON_BLOCKS = YES;
				GCC_OPTIMIZATION_LEVEL = 0;
				GCC_PREPROCESSOR_DEFINITIONS = (
					"DEBUG=1",
					"$(inherited)",
				);
				GCC_WARN_64_TO_32_BIT_CONVERSION = YES;
				GCC_WARN_ABOUT_RETURN_TYPE = YES_ERROR;
				GCC_WARN_UNDECLARED_SELECTOR = YES;
				GCC_WARN_UNINITIALIZED_AUTOS = YES_AGGRESSIVE;
				GCC_WARN_UNUSED_FUNCTION = YES;
				GCC_WARN_UNUSED_VARIABLE = YES;
				IPHONEOS_DEPLOYMENT_TARGET = 9.3;
				MTL_ENABLE_DEBUG_INFO = YES;
				ONLY_ACTIVE_ARCH = YES;
				SDKROOT = iphoneos;
			};
			name = Debug;
		};
		304F295C1CE1E6A6007F776E /* Release */ = {
			isa = XCBuildConfiguration;
			buildSettings = {
				ALWAYS_SEARCH_USER_PATHS = NO;
				CLANG_ANALYZER_NONNULL = YES;
				CLANG_CXX_LANGUAGE_STANDARD = "gnu++0x";
				CLANG_CXX_LIBRARY = "libc++";
				CLANG_ENABLE_MODULES = YES;
				CLANG_ENABLE_OBJC_ARC = YES;
				CLANG_WARN_BOOL_CONVERSION = YES;
				CLANG_WARN_CONSTANT_CONVERSION = YES;
				CLANG_WARN_DIRECT_OBJC_ISA_USAGE = YES_ERROR;
				CLANG_WARN_EMPTY_BODY = YES;
				CLANG_WARN_ENUM_CONVERSION = YES;
				CLANG_WARN_INT_CONVERSION = YES;
				CLANG_WARN_OBJC_ROOT_CLASS = YES_ERROR;
				CLANG_WARN_UNREACHABLE_CODE = YES;
				CLANG_WARN__DUPLICATE_METHOD_MATCH = YES;
				"CODE_SIGN_IDENTITY[sdk=iphoneos*]" = "iPhone Developer";
				COPY_PHASE_STRIP = NO;
				DEBUG_INFORMATION_FORMAT = "dwarf-with-dsym";
				ENABLE_NS_ASSERTIONS = NO;
				ENABLE_STRICT_OBJC_MSGSEND = YES;
				GCC_C_LANGUAGE_STANDARD = gnu99;
				GCC_NO_COMMON_BLOCKS = YES;
				GCC_WARN_64_TO_32_BIT_CONVERSION = YES;
				GCC_WARN_ABOUT_RETURN_TYPE = YES_ERROR;
				GCC_WARN_UNDECLARED_SELECTOR = YES;
				GCC_WARN_UNINITIALIZED_AUTOS = YES_AGGRESSIVE;
				GCC_WARN_UNUSED_FUNCTION = YES;
				GCC_WARN_UNUSED_VARIABLE = YES;
				IPHONEOS_DEPLOYMENT_TARGET = 9.3;
				MTL_ENABLE_DEBUG_INFO = NO;
				SDKROOT = iphoneos;
				VALIDATE_PRODUCT = YES;
			};
			name = Release;
		};
		304F295E1CE1E6A6007F776E /* Debug */ = {
			isa = XCBuildConfiguration;
			buildSettings = {
				ASSETCATALOG_COMPILER_APPICON_NAME = AppIcon;
				INFOPLIST_FILE = iDynamicForms/Info.plist;
				LD_RUNPATH_SEARCH_PATHS = "$(inherited) @executable_path/Frameworks";
				PRODUCT_BUNDLE_IDENTIFIER = com.randika.iDynamicForms;
				PRODUCT_NAME = "$(TARGET_NAME)";
			};
			name = Debug;
		};
		304F295F1CE1E6A6007F776E /* Release */ = {
			isa = XCBuildConfiguration;
			buildSettings = {
				ASSETCATALOG_COMPILER_APPICON_NAME = AppIcon;
				INFOPLIST_FILE = iDynamicForms/Info.plist;
				LD_RUNPATH_SEARCH_PATHS = "$(inherited) @executable_path/Frameworks";
				PRODUCT_BUNDLE_IDENTIFIER = com.randika.iDynamicForms;
				PRODUCT_NAME = "$(TARGET_NAME)";
			};
			name = Release;
		};
/* End XCBuildConfiguration section */

/* Begin XCConfigurationList section */
		304F29411CE1E6A6007F776E /* Build configuration list for PBXProject "iDynamicForms" */ = {
			isa = XCConfigurationList;
			buildConfigurations = (
				304F295B1CE1E6A6007F776E /* Debug */,
				304F295C1CE1E6A6007F776E /* Release */,
			);
			defaultConfigurationIsVisible = 0;
			defaultConfigurationName = Release;
		};
		304F295D1CE1E6A6007F776E /* Build configuration list for PBXNativeTarget "iDynamicForms" */ = {
			isa = XCConfigurationList;
			buildConfigurations = (
				304F295E1CE1E6A6007F776E /* Debug */,
				304F295F1CE1E6A6007F776E /* Release */,
			);
			defaultConfigurationIsVisible = 0;
			defaultConfigurationName = Release;
		};
/* End XCConfigurationList section */
	};
	rootObject = 304F293E1CE1E6A6007F776E /* Project object */;
}
